
Microsoft Visual Studio Solution File, Format Version 12.00
# Visual Studio Version 16
VisualStudioVersion = 16.0.31129.286
MinimumVisualStudioVersion = 10.0.40219.1
Project("{FAE04EC0-301F-11D3-BF4B-00C04F79EFBC}") = "PrimeiroProjeto", "PrimeiroProjeto\PrimeiroProjeto.csproj", "{AD013E11-3C9B-44FF-802F-C24344CA53A3}"
EndProject
Global
	GlobalSection(SolutionConfigurationPlatforms) = preSolution
		Debug|Any CPU = Debug|Any CPU
		Release|Any CPU = Release|Any CPU
	EndGlobalSection
	GlobalSection(ProjectConfigurationPlatforms) = postSolution
		{AD013E11-3C9B-44FF-802F-C24344CA53A3}.Debug|Any CPU.ActiveCfg = Debug|Any CPU
		{AD013E11-3C9B-44FF-802F-C24344CA53A3}.Debug|Any CPU.Build.0 = Debug|Any CPU
		{AD013E11-3C9B-44FF-802F-C24344CA53A3}.Release|Any CPU.ActiveCfg = Release|Any CPU
		{AD013E11-3C9B-44FF-802F-C24344CA53A3}.Release|Any CPU.Build.0 = Release|Any CPU
	EndGlobalSection
	GlobalSection(SolutionProperties) = preSolution
		HideSolutionNode = FALSE
	EndGlobalSection
	GlobalSection(ExtensibilityGlobals) = postSolution
		SolutionGuid = {020F58A5-E288-4566-ADB0-0C726501E2B1}
	EndGlobalSection
EndGlobal
